
Microsoft Visual Studio Solution File, Format Version 12.00
# Visual Studio 15
VisualStudioVersion = 15.0.27004.2010
MinimumVisualStudioVersion = 10.0.40219.1
Project("{FAE04EC0-301F-11D3-BF4B-00C04F79EFBC}") = "Bodega,dev", "Bodega,dev\Bodega,dev.csproj", "{BA6B8007-522C-40A3-8C3B-316D2E2A8D16}"
EndProject
Global
	GlobalSection(SolutionConfigurationPlatforms) = preSolution
		Debug|Any CPU = Debug|Any CPU
		Release|Any CPU = Release|Any CPU
	EndGlobalSection
	GlobalSection(ProjectConfigurationPlatforms) = postSolution
		{BA6B8007-522C-40A3-8C3B-316D2E2A8D16}.Debug|Any CPU.ActiveCfg = Debug|Any CPU
		{BA6B8007-522C-40A3-8C3B-316D2E2A8D16}.Debug|Any CPU.Build.0 = Debug|Any CPU
		{BA6B8007-522C-40A3-8C3B-316D2E2A8D16}.Release|Any CPU.ActiveCfg = Release|Any CPU
		{BA6B8007-522C-40A3-8C3B-316D2E2A8D16}.Release|Any CPU.Build.0 = Release|Any CPU
	EndGlobalSection
	GlobalSection(SolutionProperties) = preSolution
		HideSolutionNode = FALSE
	EndGlobalSection
	GlobalSection(ExtensibilityGlobals) = postSolution
		SolutionGuid = {8E212833-81A0-4104-8C9B-D5D51E8FCFA3}
	EndGlobalSection
EndGlobal
